
Microsoft Visual Studio Solution File, Format Version 12.00
# Visual Studio Version 17
VisualStudioVersion = 17.9.34622.214
MinimumVisualStudioVersion = 10.0.40219.1
Project("{FAE04EC0-301F-11D3-BF4B-00C04F79EFBC}") = "ToDoApi", "ToDoApi.csproj", "{BFA95286-2749-4A38-9949-00837075CA8B}"
EndProject
Global
	GlobalSection(SolutionConfigurationPlatforms) = preSolution
		Debug|Any CPU = Debug|Any CPU
		Release|Any CPU = Release|Any CPU
	EndGlobalSection
	GlobalSection(ProjectConfigurationPlatforms) = postSolution
		{BFA95286-2749-4A38-9949-00837075CA8B}.Debug|Any CPU.ActiveCfg = Debug|Any CPU
		{BFA95286-2749-4A38-9949-00837075CA8B}.Debug|Any CPU.Build.0 = Debug|Any CPU
		{BFA95286-2749-4A38-9949-00837075CA8B}.Release|Any CPU.ActiveCfg = Release|Any CPU
		{BFA95286-2749-4A38-9949-00837075CA8B}.Release|Any CPU.Build.0 = Release|Any CPU
	EndGlobalSection
	GlobalSection(SolutionProperties) = preSolution
		HideSolutionNode = FALSE
	EndGlobalSection
	GlobalSection(ExtensibilityGlobals) = postSolution
		SolutionGuid = {9336D37D-875A-47A3-BD9C-B14451DA4B2B}
	EndGlobalSection
EndGlobal
